<Solution>
  <Folder Name="/Solution Items/">
    <File Path="README.MD" />
  </Folder>
  <Folder Name="/tests/">
    <Project Path="tests/Splitwise.Tests.Integration/Splitwise.Tests.Integration.csproj" />
    <Project Path="tests/Splitwise.Tests.Unit/Splitwise.Tests.Unit.csproj" />
  </Folder>
  <Folder Name="/src/">
    <Project Path="src/Splitwise/Splitwise.csproj" />
  </Folder>
</Solution>
